// !$*UTF8*$!
{
	archiveVersion = 1;
	classes = {
	};
	objectVersion = 46;
	objects = {

/* Begin PBXBuildFile section */
		9247FF1C2060FA7800F25884 /* license_3rdpartynotice.txt in Resources */ = {isa = PBXBuildFile; fileRef = 9247FEBD2060FA7800F25884 /* license_3rdpartynotice.txt */; };
		9247FF1D2060FA7800F25884 /* readme.txt in Resources */ = {isa = PBXBuildFile; fileRef = 9247FEBF2060FA7800F25884 /* readme.txt */; };
		9247FF1E2060FA7800F25884 /* readme.txt in Resources */ = {isa = PBXBuildFile; fileRef = 9247FEC02060FA7800F25884 /* readme.txt */; };
		9247FF1F2060FA7800F25884 /* libVuforia.a in Frameworks */ = {isa = PBXBuildFile; fileRef = 9247FF1B2060FA7800F25884 /* libVuforia.a */; };
		926096D41D4163B600510C24 /* SpriteKit.framework in Frameworks */ = {isa = PBXBuildFile; fileRef = 926096D31D4163B600510C24 /* SpriteKit.framework */; };
		9275279C1FC2CE5200CE7DCE /* Background.fragsh in Resources */ = {isa = PBXBuildFile; fileRef = 9275279A1FC2CE5200CE7DCE /* Background.fragsh */; };
		9275279D1FC2CE5200CE7DCE /* Background.vertsh in Resources */ = {isa = PBXBuildFile; fileRef = 9275279B1FC2CE5200CE7DCE /* Background.vertsh */; };
		927B76D71D27FDC600C4F5CC /* AVFoundation.framework in Frameworks */ = {isa = PBXBuildFile; fileRef = 927B76D41D27FDC600C4F5CC /* AVFoundation.framework */; };
		927B76D81D27FDC600C4F5CC /* CoreMotion.framework in Frameworks */ = {isa = PBXBuildFile; fileRef = 927B76D51D27FDC600C4F5CC /* CoreMotion.framework */; };
		927B76DB1D27FDE500C4F5CC /* SceneKit.framework in Frameworks */ = {isa = PBXBuildFile; fileRef = 927B76D91D27FDE500C4F5CC /* SceneKit.framework */; };
		927B76DC1D27FDE500C4F5CC /* SystemConfiguration.framework in Frameworks */ = {isa = PBXBuildFile; fileRef = 927B76DA1D27FDE500C4F5CC /* SystemConfiguration.framework */; };
		927B76DE1D27FE0500C4F5CC /* CoreMedia.framework in Frameworks */ = {isa = PBXBuildFile; fileRef = 927B76DD1D27FE0500C4F5CC /* CoreMedia.framework */; };
		927B76EA1D2806EF00C4F5CC /* VuforiaEAGLView.mm in Sources */ = {isa = PBXBuildFile; fileRef = 927B76E51D2806EF00C4F5CC /* VuforiaEAGLView.mm */; };
		927B76EB1D2806EF00C4F5CC /* VuforiaManager.mm in Sources */ = {isa = PBXBuildFile; fileRef = 927B76E71D2806EF00C4F5CC /* VuforiaManager.mm */; };
		927B76EC1D2806EF00C4F5CC /* VuforiaObjects.mm in Sources */ = {isa = PBXBuildFile; fileRef = 927B76E91D2806EF00C4F5CC /* VuforiaObjects.mm */; };
		927B76FD1D2816DB00C4F5CC /* VuforiaShaderUtils.m in Sources */ = {isa = PBXBuildFile; fileRef = 927B76FC1D2816DB00C4F5CC /* VuforiaShaderUtils.m */; };
		927B77081D2824AB00C4F5CC /* OpenGLES.framework in Frameworks */ = {isa = PBXBuildFile; fileRef = 927B77071D2824AB00C4F5CC /* OpenGLES.framework */; };
		927B77091D282DF100C4F5CC /* AudioToolbox.framework in Frameworks */ = {isa = PBXBuildFile; fileRef = 927B76D31D27FDC600C4F5CC /* AudioToolbox.framework */; };
		927B770B1D282E0A00C4F5CC /* MediaPlayer.framework in Frameworks */ = {isa = PBXBuildFile; fileRef = 927B770A1D282E0A00C4F5CC /* MediaPlayer.framework */; };
		928C34301EAF69EB00BC07DE /* card_info.png in Resources */ = {isa = PBXBuildFile; fileRef = 928C34271EAF69EB00BC07DE /* card_info.png */; };
		928C34311EAF69EB00BC07DE /* reticle.png in Resources */ = {isa = PBXBuildFile; fileRef = 928C34281EAF69EB00BC07DE /* reticle.png */; };
		928C34321EAF69EB00BC07DE /* reticle@2x.png in Resources */ = {isa = PBXBuildFile; fileRef = 928C34291EAF69EB00BC07DE /* reticle@2x.png */; };
		928C34331EAF69EB00BC07DE /* reticle@3x.png in Resources */ = {isa = PBXBuildFile; fileRef = 928C342A1EAF69EB00BC07DE /* reticle@3x.png */; };
		928C34341EAF69EB00BC07DE /* VM.png in Resources */ = {isa = PBXBuildFile; fileRef = 928C342B1EAF69EB00BC07DE /* VM.png */; };
		928C34351EAF69EB00BC07DE /* VM_about.html in Resources */ = {isa = PBXBuildFile; fileRef = 928C342C1EAF69EB00BC07DE /* VM_about.html */; };
		928C34361EAF69EB00BC07DE /* Vuforia.dat in Resources */ = {isa = PBXBuildFile; fileRef = 928C342D1EAF69EB00BC07DE /* Vuforia.dat */; };
		928C34371EAF69EB00BC07DE /* Vuforia.xml in Resources */ = {isa = PBXBuildFile; fileRef = 928C342E1EAF69EB00BC07DE /* Vuforia.xml */; };
		928C34381EAF69EB00BC07DE /* vumark_texture.png in Resources */ = {isa = PBXBuildFile; fileRef = 928C342F1EAF69EB00BC07DE /* vumark_texture.png */; };
		92AA11091D27A5EB00E56CBE /* AppDelegate.swift in Sources */ = {isa = PBXBuildFile; fileRef = 92AA11081D27A5EB00E56CBE /* AppDelegate.swift */; };
		92AA110B1D27A5EB00E56CBE /* ViewController.swift in Sources */ = {isa = PBXBuildFile; fileRef = 92AA110A1D27A5EB00E56CBE /* ViewController.swift */; };
		92AA110E1D27A5EB00E56CBE /* Main.storyboard in Resources */ = {isa = PBXBuildFile; fileRef = 92AA110C1D27A5EB00E56CBE /* Main.storyboard */; };
		92AA11101D27A5EB00E56CBE /* Assets.xcassets in Resources */ = {isa = PBXBuildFile; fileRef = 92AA110F1D27A5EB00E56CBE /* Assets.xcassets */; };
		92AA11131D27A5EB00E56CBE /* LaunchScreen.storyboard in Resources */ = {isa = PBXBuildFile; fileRef = 92AA11111D27A5EB00E56CBE /* LaunchScreen.storyboard */; };
		92AA11851D27B96300E56CBE /* Localizable.strings in Resources */ = {isa = PBXBuildFile; fileRef = 92AA11841D27B96300E56CBE /* Localizable.strings */; };
		92DCE9BB1E37CEA400E0DE1C /* IT.png in Resources */ = {isa = PBXBuildFile; fileRef = 92DCE9B51E37CEA400E0DE1C /* IT.png */; };
		92DCE9BC1E37CEA400E0DE1C /* IT_about.html in Resources */ = {isa = PBXBuildFile; fileRef = 92DCE9B61E37CEA400E0DE1C /* IT_about.html */; };
		92DCE9BD1E37CEA400E0DE1C /* StonesAndChips.dat in Resources */ = {isa = PBXBuildFile; fileRef = 92DCE9B71E37CEA400E0DE1C /* StonesAndChips.dat */; };
		92DCE9BE1E37CEA400E0DE1C /* StonesAndChips.xml in Resources */ = {isa = PBXBuildFile; fileRef = 92DCE9B81E37CEA400E0DE1C /* StonesAndChips.xml */; };
		92DCE9BF1E37CEA400E0DE1C /* Tarmac.dat in Resources */ = {isa = PBXBuildFile; fileRef = 92DCE9B91E37CEA400E0DE1C /* Tarmac.dat */; };
		92DCE9C01E37CEA400E0DE1C /* Tarmac.xml in Resources */ = {isa = PBXBuildFile; fileRef = 92DCE9BA1E37CEA400E0DE1C /* Tarmac.xml */; };
/* End PBXBuildFile section */

/* Begin PBXFileReference section */
		9247FEBD2060FA7800F25884 /* license_3rdpartynotice.txt */ = {isa = PBXFileReference; fileEncoding = 4; lastKnownFileType = text; path = license_3rdpartynotice.txt; sourceTree = "<group>"; };
		9247FEBF2060FA7800F25884 /* readme.txt */ = {isa = PBXFileReference; fileEncoding = 4; lastKnownFileType = text; path = readme.txt; sourceTree = "<group>"; };
		9247FEC02060FA7800F25884 /* readme.txt */ = {isa = PBXFileReference; fileEncoding = 4; lastKnownFileType = text; path = readme.txt; sourceTree = "<group>"; };
		9247FEC42060FA7800F25884 /* Type.h */ = {isa = PBXFileReference; fileEncoding = 4; lastKnownFileType = sourcecode.c.h; path = Type.h; sourceTree = "<group>"; };
		9247FEC52060FA7800F25884 /* MetalRenderer.h */ = {isa = PBXFileReference; fileEncoding = 4; lastKnownFileType = sourcecode.c.h; path = MetalRenderer.h; sourceTree = "<group>"; };
		9247FEC62060FA7800F25884 /* VuMarkTarget.h */ = {isa = PBXFileReference; fileEncoding = 4; lastKnownFileType = sourcecode.c.h; path = VuMarkTarget.h; sourceTree = "<group>"; };
		9247FEC72060FA7800F25884 /* GLRenderer.h */ = {isa = PBXFileReference; fileEncoding = 4; lastKnownFileType = sourcecode.c.h; path = GLRenderer.h; sourceTree = "<group>"; };
		9247FEC82060FA7800F25884 /* TrackableSource.h */ = {isa = PBXFileReference; fileEncoding = 4; lastKnownFileType = sourcecode.c.h; path = TrackableSource.h; sourceTree = "<group>"; };
		9247FEC92060FA7800F25884 /* Obb3D.h */ = {isa = PBXFileReference; fileEncoding = 4; lastKnownFileType = sourcecode.c.h; path = Obb3D.h; sourceTree = "<group>"; };
		9247FECA2060FA7800F25884 /* Vuforia_iOS.h */ = {isa = PBXFileReference; fileEncoding = 4; lastKnownFileType = sourcecode.c.h; path = Vuforia_iOS.h; sourceTree = "<group>"; };
		9247FECB2060FA7800F25884 /* VideoBackgroundTextureInfo.h */ = {isa = PBXFileReference; fileEncoding = 4; lastKnownFileType = sourcecode.c.h; path = VideoBackgroundTextureInfo.h; sourceTree = "<group>"; };
		9247FECC2060FA7800F25884 /* WordList.h */ = {isa = PBXFileReference; fileEncoding = 4; lastKnownFileType = sourcecode.c.h; path = WordList.h; sourceTree = "<group>"; };
		9247FECD2060FA7800F25884 /* CylinderTargetResult.h */ = {isa = PBXFileReference; fileEncoding = 4; lastKnownFileType = sourcecode.c.h; path = CylinderTargetResult.h; sourceTree = "<group>"; };
		9247FECE2060FA7800F25884 /* Device.h */ = {isa = PBXFileReference; fileEncoding = 4; lastKnownFileType = sourcecode.c.h; path = Device.h; sourceTree = "<group>"; };
		9247FECF2060FA7800F25884 /* CustomViewerParameters.h */ = {isa = PBXFileReference; fileEncoding = 4; lastKnownFileType = sourcecode.c.h; path = CustomViewerParameters.h; sourceTree = "<group>"; };
		9247FED02060FA7800F25884 /* Obb2D.h */ = {isa = PBXFileReference; fileEncoding = 4; lastKnownFileType = sourcecode.c.h; path = Obb2D.h; sourceTree = "<group>"; };
		9247FED12060FA7800F25884 /* ModelTarget.h */ = {isa = PBXFileReference; fileEncoding = 4; lastKnownFileType = sourcecode.c.h; path = ModelTarget.h; sourceTree = "<group>"; };
		9247FED22060FA7800F25884 /* Anchor.h */ = {isa = PBXFileReference; fileEncoding = 4; lastKnownFileType = sourcecode.c.h; path = Anchor.h; sourceTree = "<group>"; };
		9247FED32060FA7800F25884 /* InstanceId.h */ = {isa = PBXFileReference; fileEncoding = 4; lastKnownFileType = sourcecode.c.h; path = InstanceId.h; sourceTree = "<group>"; };
		9247FED42060FA7800F25884 /* VideoMode.h */ = {isa = PBXFileReference; fileEncoding = 4; lastKnownFileType = sourcecode.c.h; path = VideoMode.h; sourceTree = "<group>"; };
		9247FED52060FA7800F25884 /* TrackableResult.h */ = {isa = PBXFileReference; fileEncoding = 4; lastKnownFileType = sourcecode.c.h; path = TrackableResult.h; sourceTree = "<group>"; };
		9247FED62060FA7800F25884 /* RotationalDeviceTracker.h */ = {isa = PBXFileReference; fileEncoding = 4; lastKnownFileType = sourcecode.c.h; path = RotationalDeviceTracker.h; sourceTree = "<group>"; };
		9247FED72060FA7800F25884 /* ObjectTargetResult.h */ = {isa = PBXFileReference; fileEncoding = 4; lastKnownFileType = sourcecode.c.h; path = ObjectTargetResult.h; sourceTree = "<group>"; };
		9247FED82060FA7800F25884 /* TextTracker.h */ = {isa = PBXFileReference; fileEncoding = 4; lastKnownFileType = sourcecode.c.h; path = TextTracker.h; sourceTree = "<group>"; };
		9247FED92060FA7800F25884 /* TargetSearchResult.h */ = {isa = PBXFileReference; fileEncoding = 4; lastKnownFileType = sourcecode.c.h; path = TargetSearchResult.h; sourceTree = "<group>"; };
		9247FEDA2060FA7800F25884 /* MultiTarget.h */ = {isa = PBXFileReference; fileEncoding = 4; lastKnownFileType = sourcecode.c.h; path = MultiTarget.h; sourceTree = "<group>"; };
		9247FEDB2060FA7800F25884 /* Frame.h */ = {isa = PBXFileReference; fileEncoding = 4; lastKnownFileType = sourcecode.c.h; path = Frame.h; sourceTree = "<group>"; };
		9247FEDC2060FA7800F25884 /* Renderer.h */ = {isa = PBXFileReference; fileEncoding = 4; lastKnownFileType = sourcecode.c.h; path = Renderer.h; sourceTree = "<group>"; };
		9247FEDD2060FA7800F25884 /* Box3D.h */ = {isa = PBXFileReference; fileEncoding = 4; lastKnownFileType = sourcecode.c.h; path = Box3D.h; sourceTree = "<group>"; };
		9247FEDE2060FA7800F25884 /* Vectors.h */ = {isa = PBXFileReference; fileEncoding = 4; lastKnownFileType = sourcecode.c.h; path = Vectors.h; sourceTree = "<group>"; };
		9247FEDF2060FA7800F25884 /* Mesh.h */ = {isa = PBXFileReference; fileEncoding = 4; lastKnownFileType = sourcecode.c.h; path = Mesh.h; sourceTree = "<group>"; };
		9247FEE02060FA7800F25884 /* View.h */ = {isa = PBXFileReference; fileEncoding = 4; lastKnownFileType = sourcecode.c.h; path = View.h; sourceTree = "<group>"; };
		9247FEE12060FA7800F25884 /* VuMarkTargetResult.h */ = {isa = PBXFileReference; fileEncoding = 4; lastKnownFileType = sourcecode.c.h; path = VuMarkTargetResult.h; sourceTree = "<group>"; };
		9247FEE22060FA7800F25884 /* Area.h */ = {isa = PBXFileReference; fileEncoding = 4; lastKnownFileType = sourcecode.c.h; path = Area.h; sourceTree = "<group>"; };
		9247FEE32060FA7800F25884 /* GuideView.h */ = {isa = PBXFileReference; fileEncoding = 4; lastKnownFileType = sourcecode.c.h; path = GuideView.h; sourceTree = "<group>"; };
		9247FEE42060FA7800F25884 /* ObjectTracker.h */ = {isa = PBXFileReference; fileEncoding = 4; lastKnownFileType = sourcecode.c.h; path = ObjectTracker.h; sourceTree = "<group>"; };
		9247FEE52060FA7800F25884 /* EyewearCalibrationProfileManager.h */ = {isa = PBXFileReference; fileEncoding = 4; lastKnownFileType = sourcecode.c.h; path = EyewearCalibrationProfileManager.h; sourceTree = "<group>"; };
		9247FEE62060FA7800F25884 /* DeviceTrackableResult.h */ = {isa = PBXFileReference; fileEncoding = 4; lastKnownFileType = sourcecode.c.h; path = DeviceTrackableResult.h; sourceTree = "<group>"; };
		9247FEE72060FA7800F25884 /* VirtualButtonResult.h */ = {isa = PBXFileReference; fileEncoding = 4; lastKnownFileType = sourcecode.c.h; path = VirtualButtonResult.h; sourceTree = "<group>"; };
		9247FEE82060FA7800F25884 /* Illumination.h */ = {isa = PBXFileReference; fileEncoding = 4; lastKnownFileType = sourcecode.c.h; path = Illumination.h; sourceTree = "<group>"; };
		9247FEE92060FA7800F25884 /* DataSet.h */ = {isa = PBXFileReference; fileEncoding = 4; lastKnownFileType = sourcecode.c.h; path = DataSet.h; sourceTree = "<group>"; };
		9247FEEA2060FA7800F25884 /* EyewearCalibrationReading.h */ = {isa = PBXFileReference; fileEncoding = 4; lastKnownFileType = sourcecode.c.h; path = EyewearCalibrationReading.h; sourceTree = "<group>"; };
		9247FEEB2060FA7800F25884 /* ModelTargetResult.h */ = {isa = PBXFileReference; fileEncoding = 4; lastKnownFileType = sourcecode.c.h; path = ModelTargetResult.h; sourceTree = "<group>"; };
		9247FEEC2060FA7800F25884 /* EyeID.h */ = {isa = PBXFileReference; fileEncoding = 4; lastKnownFileType = sourcecode.c.h; path = EyeID.h; sourceTree = "<group>"; };
		9247FEED2060FA7800F25884 /* SmartTerrain.h */ = {isa = PBXFileReference; fileEncoding = 4; lastKnownFileType = sourcecode.c.h; path = SmartTerrain.h; sourceTree = "<group>"; };
		9247FEEE2060FA7800F25884 /* EyewearUserCalibrator.h */ = {isa = PBXFileReference; fileEncoding = 4; lastKnownFileType = sourcecode.c.h; path = EyewearUserCalibrator.h; sourceTree = "<group>"; };
		9247FEEF2060FA7800F25884 /* NonCopyable.h */ = {isa = PBXFileReference; fileEncoding = 4; lastKnownFileType = sourcecode.c.h; path = NonCopyable.h; sourceTree = "<group>"; };
		9247FEF02060FA7800F25884 /* HeadTransformModel.h */ = {isa = PBXFileReference; fileEncoding = 4; lastKnownFileType = sourcecode.c.h; path = HeadTransformModel.h; sourceTree = "<group>"; };
		9247FEF12060FA7800F25884 /* ImageTarget.h */ = {isa = PBXFileReference; fileEncoding = 4; lastKnownFileType = sourcecode.c.h; path = ImageTarget.h; sourceTree = "<group>"; };
		9247FEF22060FA7800F25884 /* PositionalDeviceTracker.h */ = {isa = PBXFileReference; fileEncoding = 4; lastKnownFileType = sourcecode.c.h; path = PositionalDeviceTracker.h; sourceTree = "<group>"; };
		9247FEF32060FA7800F25884 /* Vuforia.h */ = {isa = PBXFileReference; fileEncoding = 4; lastKnownFileType = sourcecode.c.h; path = Vuforia.h; sourceTree = "<group>"; };
		9247FEF42060FA7800F25884 /* VuMarkTemplate.h */ = {isa = PBXFileReference; fileEncoding = 4; lastKnownFileType = sourcecode.c.h; path = VuMarkTemplate.h; sourceTree = "<group>"; };
		9247FEF52060FA7800F25884 /* TrackerManager.h */ = {isa = PBXFileReference; fileEncoding = 4; lastKnownFileType = sourcecode.c.h; path = TrackerManager.h; sourceTree = "<group>"; };
		9247FEF62060FA7800F25884 /* VirtualButton.h */ = {isa = PBXFileReference; fileEncoding = 4; lastKnownFileType = sourcecode.c.h; path = VirtualButton.h; sourceTree = "<group>"; };
		9247FEF72060FA7800F25884 /* Trackable.h */ = {isa = PBXFileReference; fileEncoding = 4; lastKnownFileType = sourcecode.c.h; path = Trackable.h; sourceTree = "<group>"; };
		9247FEF82060FA7800F25884 /* UpdateCallback.h */ = {isa = PBXFileReference; fileEncoding = 4; lastKnownFileType = sourcecode.c.h; path = UpdateCallback.h; sourceTree = "<group>"; };
		9247FEF92060FA7800F25884 /* EyewearDevice.h */ = {isa = PBXFileReference; fileEncoding = 4; lastKnownFileType = sourcecode.c.h; path = EyewearDevice.h; sourceTree = "<group>"; };
		9247FEFA2060FA7800F25884 /* UIGLViewProtocol.h */ = {isa = PBXFileReference; fileEncoding = 4; lastKnownFileType = sourcecode.c.h; path = UIGLViewProtocol.h; sourceTree = "<group>"; };
		9247FEFB2060FA7800F25884 /* ViewerParametersList.h */ = {isa = PBXFileReference; fileEncoding = 4; lastKnownFileType = sourcecode.c.h; path = ViewerParametersList.h; sourceTree = "<group>"; };
		9247FEFC2060FA7800F25884 /* MultiTargetResult.h */ = {isa = PBXFileReference; fileEncoding = 4; lastKnownFileType = sourcecode.c.h; path = MultiTargetResult.h; sourceTree = "<group>"; };
		9247FEFD2060FA7800F25884 /* Tool.h */ = {isa = PBXFileReference; fileEncoding = 4; lastKnownFileType = sourcecode.c.h; path = Tool.h; sourceTree = "<group>"; };
		9247FEFE2060FA7800F25884 /* System.h */ = {isa = PBXFileReference; fileEncoding = 4; lastKnownFileType = sourcecode.c.h; path = System.h; sourceTree = "<group>"; };
		9247FEFF2060FA7800F25884 /* HandheldTransformModel.h */ = {isa = PBXFileReference; fileEncoding = 4; lastKnownFileType = sourcecode.c.h; path = HandheldTransformModel.h; sourceTree = "<group>"; };
		9247FF002060FA7800F25884 /* TargetFinder.h */ = {isa = PBXFileReference; fileEncoding = 4; lastKnownFileType = sourcecode.c.h; path = TargetFinder.h; sourceTree = "<group>"; };
		9247FF012060FA7800F25884 /* Matrices.h */ = {isa = PBXFileReference; fileEncoding = 4; lastKnownFileType = sourcecode.c.h; path = Matrices.h; sourceTree = "<group>"; };
		9247FF022060FA7800F25884 /* Rectangle.h */ = {isa = PBXFileReference; fileEncoding = 4; lastKnownFileType = sourcecode.c.h; path = Rectangle.h; sourceTree = "<group>"; };
		9247FF032060FA7800F25884 /* CylinderTarget.h */ = {isa = PBXFileReference; fileEncoding = 4; lastKnownFileType = sourcecode.c.h; path = CylinderTarget.h; sourceTree = "<group>"; };
		9247FF042060FA7800F25884 /* CameraField.h */ = {isa = PBXFileReference; fileEncoding = 4; lastKnownFileType = sourcecode.c.h; path = CameraField.h; sourceTree = "<group>"; };
		9247FF052060FA7800F25884 /* DeviceTracker.h */ = {isa = PBXFileReference; fileEncoding = 4; lastKnownFileType = sourcecode.c.h; path = DeviceTracker.h; sourceTree = "<group>"; };
		9247FF062060FA7800F25884 /* CameraDevice.h */ = {isa = PBXFileReference; fileEncoding = 4; lastKnownFileType = sourcecode.c.h; path = CameraDevice.h; sourceTree = "<group>"; };
		9247FF072060FA7800F25884 /* HitTestResult.h */ = {isa = PBXFileReference; fileEncoding = 4; lastKnownFileType = sourcecode.c.h; path = HitTestResult.h; sourceTree = "<group>"; };
		9247FF082060FA7800F25884 /* WordResult.h */ = {isa = PBXFileReference; fileEncoding = 4; lastKnownFileType = sourcecode.c.h; path = WordResult.h; sourceTree = "<group>"; };
		9247FF092060FA7800F25884 /* TransformModel.h */ = {isa = PBXFileReference; fileEncoding = 4; lastKnownFileType = sourcecode.c.h; path = TransformModel.h; sourceTree = "<group>"; };
		9247FF0A2060FA7800F25884 /* DeviceTrackable.h */ = {isa = PBXFileReference; fileEncoding = 4; lastKnownFileType = sourcecode.c.h; path = DeviceTrackable.h; sourceTree = "<group>"; };
		9247FF0B2060FA7800F25884 /* State.h */ = {isa = PBXFileReference; fileEncoding = 4; lastKnownFileType = sourcecode.c.h; path = State.h; sourceTree = "<group>"; };
		9247FF0C2060FA7800F25884 /* Tracker.h */ = {isa = PBXFileReference; fileEncoding = 4; lastKnownFileType = sourcecode.c.h; path = Tracker.h; sourceTree = "<group>"; };
		9247FF0D2060FA7800F25884 /* VideoBackgroundConfig.h */ = {isa = PBXFileReference; fileEncoding = 4; lastKnownFileType = sourcecode.c.h; path = VideoBackgroundConfig.h; sourceTree = "<group>"; };
		9247FF0E2060FA7800F25884 /* CameraCalibration.h */ = {isa = PBXFileReference; fileEncoding = 4; lastKnownFileType = sourcecode.c.h; path = CameraCalibration.h; sourceTree = "<group>"; };
		9247FF0F2060FA7800F25884 /* AnchorResult.h */ = {isa = PBXFileReference; fileEncoding = 4; lastKnownFileType = sourcecode.c.h; path = AnchorResult.h; sourceTree = "<group>"; };
		9247FF102060FA7800F25884 /* Word.h */ = {isa = PBXFileReference; fileEncoding = 4; lastKnownFileType = sourcecode.c.h; path = Word.h; sourceTree = "<group>"; };
		9247FF112060FA7800F25884 /* ViewerParameters.h */ = {isa = PBXFileReference; fileEncoding = 4; lastKnownFileType = sourcecode.c.h; path = ViewerParameters.h; sourceTree = "<group>"; };
		9247FF122060FA7800F25884 /* ImageTargetResult.h */ = {isa = PBXFileReference; fileEncoding = 4; lastKnownFileType = sourcecode.c.h; path = ImageTargetResult.h; sourceTree = "<group>"; };
		9247FF132060FA7800F25884 /* ViewList.h */ = {isa = PBXFileReference; fileEncoding = 4; lastKnownFileType = sourcecode.c.h; path = ViewList.h; sourceTree = "<group>"; };
		9247FF142060FA7800F25884 /* Image.h */ = {isa = PBXFileReference; fileEncoding = 4; lastKnownFileType = sourcecode.c.h; path = Image.h; sourceTree = "<group>"; };
		9247FF152060FA7800F25884 /* RenderingPrimitives.h */ = {isa = PBXFileReference; fileEncoding = 4; lastKnownFileType = sourcecode.c.h; path = RenderingPrimitives.h; sourceTree = "<group>"; };
		9247FF162060FA7800F25884 /* StateUpdater.h */ = {isa = PBXFileReference; fileEncoding = 4; lastKnownFileType = sourcecode.c.h; path = StateUpdater.h; sourceTree = "<group>"; };
		9247FF172060FA7800F25884 /* ImageTargetBuilder.h */ = {isa = PBXFileReference; fileEncoding = 4; lastKnownFileType = sourcecode.c.h; path = ImageTargetBuilder.h; sourceTree = "<group>"; };
		9247FF182060FA7800F25884 /* ObjectTarget.h */ = {isa = PBXFileReference; fileEncoding = 4; lastKnownFileType = sourcecode.c.h; path = ObjectTarget.h; sourceTree = "<group>"; };
		9247FF1B2060FA7800F25884 /* libVuforia.a */ = {isa = PBXFileReference; lastKnownFileType = archive.ar; path = libVuforia.a; sourceTree = "<group>"; };
		926096D31D4163B600510C24 /* SpriteKit.framework */ = {isa = PBXFileReference; lastKnownFileType = wrapper.framework; name = SpriteKit.framework; path = System/Library/Frameworks/SpriteKit.framework; sourceTree = SDKROOT; };
		9275279A1FC2CE5200CE7DCE /* Background.fragsh */ = {isa = PBXFileReference; fileEncoding = 4; lastKnownFileType = text; path = Background.fragsh; sourceTree = "<group>"; };
		9275279B1FC2CE5200CE7DCE /* Background.vertsh */ = {isa = PBXFileReference; fileEncoding = 4; lastKnownFileType = text; path = Background.vertsh; sourceTree = "<group>"; };
		927B76D31D27FDC600C4F5CC /* AudioToolbox.framework */ = {isa = PBXFileReference; lastKnownFileType = wrapper.framework; name = AudioToolbox.framework; path = System/Library/Frameworks/AudioToolbox.framework; sourceTree = SDKROOT; };
		927B76D41D27FDC600C4F5CC /* AVFoundation.framework */ = {isa = PBXFileReference; lastKnownFileType = wrapper.framework; name = AVFoundation.framework; path = System/Library/Frameworks/AVFoundation.framework; sourceTree = SDKROOT; };
		927B76D51D27FDC600C4F5CC /* CoreMotion.framework */ = {isa = PBXFileReference; lastKnownFileType = wrapper.framework; name = CoreMotion.framework; path = System/Library/Frameworks/CoreMotion.framework; sourceTree = SDKROOT; };
		927B76D91D27FDE500C4F5CC /* SceneKit.framework */ = {isa = PBXFileReference; lastKnownFileType = wrapper.framework; name = SceneKit.framework; path = System/Library/Frameworks/SceneKit.framework; sourceTree = SDKROOT; };
		927B76DA1D27FDE500C4F5CC /* SystemConfiguration.framework */ = {isa = PBXFileReference; lastKnownFileType = wrapper.framework; name = SystemConfiguration.framework; path = System/Library/Frameworks/SystemConfiguration.framework; sourceTree = SDKROOT; };
		927B76DD1D27FE0500C4F5CC /* CoreMedia.framework */ = {isa = PBXFileReference; lastKnownFileType = wrapper.framework; name = CoreMedia.framework; path = System/Library/Frameworks/CoreMedia.framework; sourceTree = SDKROOT; };
		927B76E41D2806EF00C4F5CC /* VuforiaEAGLView.h */ = {isa = PBXFileReference; fileEncoding = 4; lastKnownFileType = sourcecode.c.h; name = VuforiaEAGLView.h; path = VuforiaManager/VuforiaEAGLView.h; sourceTree = "<group>"; };
		927B76E51D2806EF00C4F5CC /* VuforiaEAGLView.mm */ = {isa = PBXFileReference; fileEncoding = 4; lastKnownFileType = sourcecode.cpp.objcpp; name = VuforiaEAGLView.mm; path = VuforiaManager/VuforiaEAGLView.mm; sourceTree = "<group>"; };
		927B76E61D2806EF00C4F5CC /* VuforiaManager.h */ = {isa = PBXFileReference; fileEncoding = 4; lastKnownFileType = sourcecode.c.h; name = VuforiaManager.h; path = VuforiaManager/VuforiaManager.h; sourceTree = "<group>"; };
		927B76E71D2806EF00C4F5CC /* VuforiaManager.mm */ = {isa = PBXFileReference; fileEncoding = 4; lastKnownFileType = sourcecode.cpp.objcpp; name = VuforiaManager.mm; path = VuforiaManager/VuforiaManager.mm; sourceTree = "<group>"; };
		927B76E81D2806EF00C4F5CC /* VuforiaObjects.h */ = {isa = PBXFileReference; fileEncoding = 4; lastKnownFileType = sourcecode.c.h; name = VuforiaObjects.h; path = VuforiaManager/VuforiaObjects.h; sourceTree = "<group>"; };
		927B76E91D2806EF00C4F5CC /* VuforiaObjects.mm */ = {isa = PBXFileReference; fileEncoding = 4; lastKnownFileType = sourcecode.cpp.objcpp; name = VuforiaObjects.mm; path = VuforiaManager/VuforiaObjects.mm; sourceTree = "<group>"; };
		927B76FB1D2816DB00C4F5CC /* VuforiaShaderUtils.h */ = {isa = PBXFileReference; fileEncoding = 4; lastKnownFileType = sourcecode.c.h; name = VuforiaShaderUtils.h; path = VuforiaManager/VuforiaShaderUtils.h; sourceTree = "<group>"; };
		927B76FC1D2816DB00C4F5CC /* VuforiaShaderUtils.m */ = {isa = PBXFileReference; fileEncoding = 4; lastKnownFileType = sourcecode.c.objc; name = VuforiaShaderUtils.m; path = VuforiaManager/VuforiaShaderUtils.m; sourceTree = "<group>"; };
		927B77071D2824AB00C4F5CC /* OpenGLES.framework */ = {isa = PBXFileReference; lastKnownFileType = wrapper.framework; name = OpenGLES.framework; path = System/Library/Frameworks/OpenGLES.framework; sourceTree = SDKROOT; };
		927B770A1D282E0A00C4F5CC /* MediaPlayer.framework */ = {isa = PBXFileReference; lastKnownFileType = wrapper.framework; name = MediaPlayer.framework; path = System/Library/Frameworks/MediaPlayer.framework; sourceTree = SDKROOT; };
		928C34271EAF69EB00BC07DE /* card_info.png */ = {isa = PBXFileReference; lastKnownFileType = image.png; path = card_info.png; sourceTree = "<group>"; };
		928C34281EAF69EB00BC07DE /* reticle.png */ = {isa = PBXFileReference; lastKnownFileType = image.png; path = reticle.png; sourceTree = "<group>"; };
		928C34291EAF69EB00BC07DE /* reticle@2x.png */ = {isa = PBXFileReference; lastKnownFileType = image.png; path = "reticle@2x.png"; sourceTree = "<group>"; };
		928C342A1EAF69EB00BC07DE /* reticle@3x.png */ = {isa = PBXFileReference; lastKnownFileType = image.png; path = "reticle@3x.png"; sourceTree = "<group>"; };
		928C342B1EAF69EB00BC07DE /* VM.png */ = {isa = PBXFileReference; lastKnownFileType = image.png; path = VM.png; sourceTree = "<group>"; };
		928C342C1EAF69EB00BC07DE /* VM_about.html */ = {isa = PBXFileReference; fileEncoding = 4; lastKnownFileType = text.html; path = VM_about.html; sourceTree = "<group>"; };
		928C342D1EAF69EB00BC07DE /* Vuforia.dat */ = {isa = PBXFileReference; lastKnownFileType = file; path = Vuforia.dat; sourceTree = "<group>"; };
		928C342E1EAF69EB00BC07DE /* Vuforia.xml */ = {isa = PBXFileReference; fileEncoding = 4; lastKnownFileType = text.xml; path = Vuforia.xml; sourceTree = "<group>"; };
		928C342F1EAF69EB00BC07DE /* vumark_texture.png */ = {isa = PBXFileReference; lastKnownFileType = image.png; path = vumark_texture.png; sourceTree = "<group>"; };
		92AA11051D27A5EB00E56CBE /* VuforiaSampleSwift.app */ = {isa = PBXFileReference; explicitFileType = wrapper.application; includeInIndex = 0; path = VuforiaSampleSwift.app; sourceTree = BUILT_PRODUCTS_DIR; };
		92AA11081D27A5EB00E56CBE /* AppDelegate.swift */ = {isa = PBXFileReference; lastKnownFileType = sourcecode.swift; path = AppDelegate.swift; sourceTree = "<group>"; };
		92AA110A1D27A5EB00E56CBE /* ViewController.swift */ = {isa = PBXFileReference; lastKnownFileType = sourcecode.swift; path = ViewController.swift; sourceTree = "<group>"; };
		92AA110D1D27A5EB00E56CBE /* Base */ = {isa = PBXFileReference; lastKnownFileType = file.storyboard; name = Base; path = Base.lproj/Main.storyboard; sourceTree = "<group>"; };
		92AA110F1D27A5EB00E56CBE /* Assets.xcassets */ = {isa = PBXFileReference; lastKnownFileType = folder.assetcatalog; path = Assets.xcassets; sourceTree = "<group>"; };
		92AA11121D27A5EB00E56CBE /* Base */ = {isa = PBXFileReference; lastKnownFileType = file.storyboard; name = Base; path = Base.lproj/LaunchScreen.storyboard; sourceTree = "<group>"; };
		92AA11141D27A5EB00E56CBE /* Info.plist */ = {isa = PBXFileReference; lastKnownFileType = text.plist.xml; path = Info.plist; sourceTree = "<group>"; };
		92AA11801D27A6CD00E56CBE /* VuforiaSampleSwift-Bridging-Header.h */ = {isa = PBXFileReference; lastKnownFileType = sourcecode.c.h; path = "VuforiaSampleSwift-Bridging-Header.h"; sourceTree = "<group>"; };
		92AA11841D27B96300E56CBE /* Localizable.strings */ = {isa = PBXFileReference; fileEncoding = 4; lastKnownFileType = text.plist.strings; path = Localizable.strings; sourceTree = "<group>"; };
		92DCE9B51E37CEA400E0DE1C /* IT.png */ = {isa = PBXFileReference; lastKnownFileType = image.png; path = IT.png; sourceTree = "<group>"; };
		92DCE9B61E37CEA400E0DE1C /* IT_about.html */ = {isa = PBXFileReference; fileEncoding = 4; lastKnownFileType = text.html; path = IT_about.html; sourceTree = "<group>"; };
		92DCE9B71E37CEA400E0DE1C /* StonesAndChips.dat */ = {isa = PBXFileReference; lastKnownFileType = file; path = StonesAndChips.dat; sourceTree = "<group>"; };
		92DCE9B81E37CEA400E0DE1C /* StonesAndChips.xml */ = {isa = PBXFileReference; fileEncoding = 4; lastKnownFileType = text.xml; path = StonesAndChips.xml; sourceTree = "<group>"; };
		92DCE9B91E37CEA400E0DE1C /* Tarmac.dat */ = {isa = PBXFileReference; lastKnownFileType = file; path = Tarmac.dat; sourceTree = "<group>"; };
		92DCE9BA1E37CEA400E0DE1C /* Tarmac.xml */ = {isa = PBXFileReference; fileEncoding = 4; lastKnownFileType = text.xml; path = Tarmac.xml; sourceTree = "<group>"; };
/* End PBXFileReference section */

/* Begin PBXFrameworksBuildPhase section */
		92AA11021D27A5EB00E56CBE /* Frameworks */ = {
			isa = PBXFrameworksBuildPhase;
			buildActionMask = 2147483647;
			files = (
				926096D41D4163B600510C24 /* SpriteKit.framework in Frameworks */,
				927B770B1D282E0A00C4F5CC /* MediaPlayer.framework in Frameworks */,
				927B77091D282DF100C4F5CC /* AudioToolbox.framework in Frameworks */,
				927B77081D2824AB00C4F5CC /* OpenGLES.framework in Frameworks */,
				927B76DE1D27FE0500C4F5CC /* CoreMedia.framework in Frameworks */,
				9247FF1F2060FA7800F25884 /* libVuforia.a in Frameworks */,
				927B76DB1D27FDE500C4F5CC /* SceneKit.framework in Frameworks */,
				927B76DC1D27FDE500C4F5CC /* SystemConfiguration.framework in Frameworks */,
				927B76D71D27FDC600C4F5CC /* AVFoundation.framework in Frameworks */,
				927B76D81D27FDC600C4F5CC /* CoreMotion.framework in Frameworks */,
			);
			runOnlyForDeploymentPostprocessing = 0;
		};
/* End PBXFrameworksBuildPhase section */

/* Begin PBXGroup section */
		9247FEBB2060FA7800F25884 /* vuforia-sdk-ios-7-0-50 */ = {
			isa = PBXGroup;
			children = (
				9247FEBC2060FA7800F25884 /* licenses */,
				9247FEBE2060FA7800F25884 /* samples */,
				9247FEC02060FA7800F25884 /* readme.txt */,
				9247FEC12060FA7800F25884 /* build */,
			);
			name = "vuforia-sdk-ios-7-0-50";
			path = "VuforiaSampleSwift/vuforia-sdk-ios-7-0-50";
			sourceTree = SOURCE_ROOT;
		};
		9247FEBC2060FA7800F25884 /* licenses */ = {
			isa = PBXGroup;
			children = (
				9247FEBD2060FA7800F25884 /* license_3rdpartynotice.txt */,
			);
			path = licenses;
			sourceTree = "<group>";
		};
		9247FEBE2060FA7800F25884 /* samples */ = {
			isa = PBXGroup;
			children = (
				9247FEBF2060FA7800F25884 /* readme.txt */,
			);
			path = samples;
			sourceTree = "<group>";
		};
		9247FEC12060FA7800F25884 /* build */ = {
			isa = PBXGroup;
			children = (
				9247FEC22060FA7800F25884 /* include */,
				9247FF192060FA7800F25884 /* lib */,
			);
			path = build;
			sourceTree = "<group>";
		};
		9247FEC22060FA7800F25884 /* include */ = {
			isa = PBXGroup;
			children = (
				9247FEC32060FA7800F25884 /* Vuforia */,
			);
			path = include;
			sourceTree = "<group>";
		};
		9247FEC32060FA7800F25884 /* Vuforia */ = {
			isa = PBXGroup;
			children = (
				9247FEC42060FA7800F25884 /* Type.h */,
				9247FEC52060FA7800F25884 /* MetalRenderer.h */,
				9247FEC62060FA7800F25884 /* VuMarkTarget.h */,
				9247FEC72060FA7800F25884 /* GLRenderer.h */,
				9247FEC82060FA7800F25884 /* TrackableSource.h */,
				9247FEC92060FA7800F25884 /* Obb3D.h */,
				9247FECA2060FA7800F25884 /* Vuforia_iOS.h */,
				9247FECB2060FA7800F25884 /* VideoBackgroundTextureInfo.h */,
				9247FECC2060FA7800F25884 /* WordList.h */,
				9247FECD2060FA7800F25884 /* CylinderTargetResult.h */,
				9247FECE2060FA7800F25884 /* Device.h */,
				9247FECF2060FA7800F25884 /* CustomViewerParameters.h */,
				9247FED02060FA7800F25884 /* Obb2D.h */,
				9247FED12060FA7800F25884 /* ModelTarget.h */,
				9247FED22060FA7800F25884 /* Anchor.h */,
				9247FED32060FA7800F25884 /* InstanceId.h */,
				9247FED42060FA7800F25884 /* VideoMode.h */,
				9247FED52060FA7800F25884 /* TrackableResult.h */,
				9247FED62060FA7800F25884 /* RotationalDeviceTracker.h */,
				9247FED72060FA7800F25884 /* ObjectTargetResult.h */,
				9247FED82060FA7800F25884 /* TextTracker.h */,
				9247FED92060FA7800F25884 /* TargetSearchResult.h */,
				9247FEDA2060FA7800F25884 /* MultiTarget.h */,
				9247FEDB2060FA7800F25884 /* Frame.h */,
				9247FEDC2060FA7800F25884 /* Renderer.h */,
				9247FEDD2060FA7800F25884 /* Box3D.h */,
				9247FEDE2060FA7800F25884 /* Vectors.h */,
				9247FEDF2060FA7800F25884 /* Mesh.h */,
				9247FEE02060FA7800F25884 /* View.h */,
				9247FEE12060FA7800F25884 /* VuMarkTargetResult.h */,
				9247FEE22060FA7800F25884 /* Area.h */,
				9247FEE32060FA7800F25884 /* GuideView.h */,
				9247FEE42060FA7800F25884 /* ObjectTracker.h */,
				9247FEE52060FA7800F25884 /* EyewearCalibrationProfileManager.h */,
				9247FEE62060FA7800F25884 /* DeviceTrackableResult.h */,
				9247FEE72060FA7800F25884 /* VirtualButtonResult.h */,
				9247FEE82060FA7800F25884 /* Illumination.h */,
				9247FEE92060FA7800F25884 /* DataSet.h */,
				9247FEEA2060FA7800F25884 /* EyewearCalibrationReading.h */,
				9247FEEB2060FA7800F25884 /* ModelTargetResult.h */,
				9247FEEC2060FA7800F25884 /* EyeID.h */,
				9247FEED2060FA7800F25884 /* SmartTerrain.h */,
				9247FEEE2060FA7800F25884 /* EyewearUserCalibrator.h */,
				9247FEEF2060FA7800F25884 /* NonCopyable.h */,
				9247FEF02060FA7800F25884 /* HeadTransformModel.h */,
				9247FEF12060FA7800F25884 /* ImageTarget.h */,
				9247FEF22060FA7800F25884 /* PositionalDeviceTracker.h */,
				9247FEF32060FA7800F25884 /* Vuforia.h */,
				9247FEF42060FA7800F25884 /* VuMarkTemplate.h */,
				9247FEF52060FA7800F25884 /* TrackerManager.h */,
				9247FEF62060FA7800F25884 /* VirtualButton.h */,
				9247FEF72060FA7800F25884 /* Trackable.h */,
				9247FEF82060FA7800F25884 /* UpdateCallback.h */,
				9247FEF92060FA7800F25884 /* EyewearDevice.h */,
				9247FEFA2060FA7800F25884 /* UIGLViewProtocol.h */,
				9247FEFB2060FA7800F25884 /* ViewerParametersList.h */,
				9247FEFC2060FA7800F25884 /* MultiTargetResult.h */,
				9247FEFD2060FA7800F25884 /* Tool.h */,
				9247FEFE2060FA7800F25884 /* System.h */,
				9247FEFF2060FA7800F25884 /* HandheldTransformModel.h */,
				9247FF002060FA7800F25884 /* TargetFinder.h */,
				9247FF012060FA7800F25884 /* Matrices.h */,
				9247FF022060FA7800F25884 /* Rectangle.h */,
				9247FF032060FA7800F25884 /* CylinderTarget.h */,
				9247FF042060FA7800F25884 /* CameraField.h */,
				9247FF052060FA7800F25884 /* DeviceTracker.h */,
				9247FF062060FA7800F25884 /* CameraDevice.h */,
				9247FF072060FA7800F25884 /* HitTestResult.h */,
				9247FF082060FA7800F25884 /* WordResult.h */,
				9247FF092060FA7800F25884 /* TransformModel.h */,
				9247FF0A2060FA7800F25884 /* DeviceTrackable.h */,
				9247FF0B2060FA7800F25884 /* State.h */,
				9247FF0C2060FA7800F25884 /* Tracker.h */,
				9247FF0D2060FA7800F25884 /* VideoBackgroundConfig.h */,
				9247FF0E2060FA7800F25884 /* CameraCalibration.h */,
				9247FF0F2060FA7800F25884 /* AnchorResult.h */,
				9247FF102060FA7800F25884 /* Word.h */,
				9247FF112060FA7800F25884 /* ViewerParameters.h */,
				9247FF122060FA7800F25884 /* ImageTargetResult.h */,
				9247FF132060FA7800F25884 /* ViewList.h */,
				9247FF142060FA7800F25884 /* Image.h */,
				9247FF152060FA7800F25884 /* RenderingPrimitives.h */,
				9247FF162060FA7800F25884 /* StateUpdater.h */,
				9247FF172060FA7800F25884 /* ImageTargetBuilder.h */,
				9247FF182060FA7800F25884 /* ObjectTarget.h */,
			);
			path = Vuforia;
			sourceTree = "<group>";
		};
		9247FF192060FA7800F25884 /* lib */ = {
			isa = PBXGroup;
			children = (
				9247FF1A2060FA7800F25884 /* arm */,
			);
			path = lib;
			sourceTree = "<group>";
		};
		9247FF1A2060FA7800F25884 /* arm */ = {
			isa = PBXGroup;
			children = (
				9247FF1B2060FA7800F25884 /* libVuforia.a */,
			);
			path = arm;
			sourceTree = "<group>";
		};
		927527971FC2BE0400CE7DCE /* Frameworks */ = {
			isa = PBXGroup;
			children = (
			);
			name = Frameworks;
			sourceTree = "<group>";
		};
		927527991FC2CE4100CE7DCE /* shaders */ = {
			isa = PBXGroup;
			children = (
				9275279A1FC2CE5200CE7DCE /* Background.fragsh */,
				9275279B1FC2CE5200CE7DCE /* Background.vertsh */,
			);
			name = shaders;
			sourceTree = "<group>";
		};
		927B76DF1D27FE5900C4F5CC /* Frameworks */ = {
			isa = PBXGroup;
			children = (
				926096D31D4163B600510C24 /* SpriteKit.framework */,
				927B770A1D282E0A00C4F5CC /* MediaPlayer.framework */,
				927B77071D2824AB00C4F5CC /* OpenGLES.framework */,
				927B76DD1D27FE0500C4F5CC /* CoreMedia.framework */,
				927B76D91D27FDE500C4F5CC /* SceneKit.framework */,
				927B76DA1D27FDE500C4F5CC /* SystemConfiguration.framework */,
				927B76D31D27FDC600C4F5CC /* AudioToolbox.framework */,
				927B76D41D27FDC600C4F5CC /* AVFoundation.framework */,
				927B76D51D27FDC600C4F5CC /* CoreMotion.framework */,
			);
			name = Frameworks;
			path = ..;
			sourceTree = "<group>";
		};
		927B76E31D27FF2300C4F5CC /* VuforiaManager */ = {
			isa = PBXGroup;
			children = (
				927527991FC2CE4100CE7DCE /* shaders */,
				927B76E41D2806EF00C4F5CC /* VuforiaEAGLView.h */,
				927B76E51D2806EF00C4F5CC /* VuforiaEAGLView.mm */,
				927B76FB1D2816DB00C4F5CC /* VuforiaShaderUtils.h */,
				927B76FC1D2816DB00C4F5CC /* VuforiaShaderUtils.m */,
				927B76E61D2806EF00C4F5CC /* VuforiaManager.h */,
				927B76E71D2806EF00C4F5CC /* VuforiaManager.mm */,
				927B76E81D2806EF00C4F5CC /* VuforiaObjects.h */,
				927B76E91D2806EF00C4F5CC /* VuforiaObjects.mm */,
			);
			name = VuforiaManager;
			sourceTree = "<group>";
		};
		927B76ED1D28070D00C4F5CC /* VuforiaAssets */ = {
			isa = PBXGroup;
			children = (
				928C34261EAF69EB00BC07DE /* VuMark */,
				92DCE9B41E37CEA400E0DE1C /* ImageTargets */,
			);
			path = VuforiaAssets;
			sourceTree = "<group>";
		};
		928C34261EAF69EB00BC07DE /* VuMark */ = {
			isa = PBXGroup;
			children = (
				928C34271EAF69EB00BC07DE /* card_info.png */,
				928C34281EAF69EB00BC07DE /* reticle.png */,
				928C34291EAF69EB00BC07DE /* reticle@2x.png */,
				928C342A1EAF69EB00BC07DE /* reticle@3x.png */,
				928C342B1EAF69EB00BC07DE /* VM.png */,
				928C342C1EAF69EB00BC07DE /* VM_about.html */,
				928C342D1EAF69EB00BC07DE /* Vuforia.dat */,
				928C342E1EAF69EB00BC07DE /* Vuforia.xml */,
				928C342F1EAF69EB00BC07DE /* vumark_texture.png */,
			);
			path = VuMark;
			sourceTree = "<group>";
		};
		92AA10FC1D27A5EB00E56CBE = {
			isa = PBXGroup;
			children = (
				92AA11071D27A5EB00E56CBE /* VuforiaSampleSwift */,
				92AA11061D27A5EB00E56CBE /* Products */,
				927527971FC2BE0400CE7DCE /* Frameworks */,
			);
			sourceTree = "<group>";
		};
		92AA11061D27A5EB00E56CBE /* Products */ = {
			isa = PBXGroup;
			children = (
				92AA11051D27A5EB00E56CBE /* VuforiaSampleSwift.app */,
			);
			name = Products;
			sourceTree = "<group>";
		};
		92AA11071D27A5EB00E56CBE /* VuforiaSampleSwift */ = {
			isa = PBXGroup;
			children = (
				92AA11801D27A6CD00E56CBE /* VuforiaSampleSwift-Bridging-Header.h */,
				927B76E31D27FF2300C4F5CC /* VuforiaManager */,
				927B76ED1D28070D00C4F5CC /* VuforiaAssets */,
				92AA11081D27A5EB00E56CBE /* AppDelegate.swift */,
				92AA110A1D27A5EB00E56CBE /* ViewController.swift */,
				92AA110C1D27A5EB00E56CBE /* Main.storyboard */,
				92AA110F1D27A5EB00E56CBE /* Assets.xcassets */,
				92AA11111D27A5EB00E56CBE /* LaunchScreen.storyboard */,
				92AA11141D27A5EB00E56CBE /* Info.plist */,
				92AA11841D27B96300E56CBE /* Localizable.strings */,
				9247FEBB2060FA7800F25884 /* vuforia-sdk-ios-7-0-50 */,
				927B76DF1D27FE5900C4F5CC /* Frameworks */,
			);
			path = VuforiaSampleSwift;
			sourceTree = "<group>";
		};
		92DCE9B41E37CEA400E0DE1C /* ImageTargets */ = {
			isa = PBXGroup;
			children = (
				92DCE9B51E37CEA400E0DE1C /* IT.png */,
				92DCE9B61E37CEA400E0DE1C /* IT_about.html */,
				92DCE9B71E37CEA400E0DE1C /* StonesAndChips.dat */,
				92DCE9B81E37CEA400E0DE1C /* StonesAndChips.xml */,
				92DCE9B91E37CEA400E0DE1C /* Tarmac.dat */,
				92DCE9BA1E37CEA400E0DE1C /* Tarmac.xml */,
			);
			path = ImageTargets;
			sourceTree = "<group>";
		};
/* End PBXGroup section */

/* Begin PBXNativeTarget section */
		92AA11041D27A5EB00E56CBE /* VuforiaSampleSwift */ = {
			isa = PBXNativeTarget;
			buildConfigurationList = 92AA11171D27A5EB00E56CBE /* Build configuration list for PBXNativeTarget "VuforiaSampleSwift" */;
			buildPhases = (
				92AA11011D27A5EB00E56CBE /* Sources */,
				92AA11021D27A5EB00E56CBE /* Frameworks */,
				92AA11031D27A5EB00E56CBE /* Resources */,
			);
			buildRules = (
			);
			dependencies = (
			);
			name = VuforiaSampleSwift;
			productName = VuforiaSampleSwift;
			productReference = 92AA11051D27A5EB00E56CBE /* VuforiaSampleSwift.app */;
			productType = "com.apple.product-type.application";
		};
/* End PBXNativeTarget section */

/* Begin PBXProject section */
		92AA10FD1D27A5EB00E56CBE /* Project object */ = {
			isa = PBXProject;
			attributes = {
				LastSwiftUpdateCheck = 0730;
				LastUpgradeCheck = 0800;
				ORGANIZATIONNAME = "Yoshihiro Kato";
				TargetAttributes = {
					92AA11041D27A5EB00E56CBE = {
						CreatedOnToolsVersion = 7.3.1;
						DevelopmentTeam = 7A4SW8L4U6;
						LastSwiftMigration = 0800;
						ProvisioningStyle = Automatic;
					};
				};
			};
			buildConfigurationList = 92AA11001D27A5EB00E56CBE /* Build configuration list for PBXProject "VuforiaSampleSwift" */;
			compatibilityVersion = "Xcode 3.2";
			developmentRegion = English;
			hasScannedForEncodings = 0;
			knownRegions = (
				en,
				Base,
			);
			mainGroup = 92AA10FC1D27A5EB00E56CBE;
			productRefGroup = 92AA11061D27A5EB00E56CBE /* Products */;
			projectDirPath = "";
			projectRoot = "";
			targets = (
				92AA11041D27A5EB00E56CBE /* VuforiaSampleSwift */,
			);
		};
/* End PBXProject section */

/* Begin PBXResourcesBuildPhase section */
		92AA11031D27A5EB00E56CBE /* Resources */ = {
			isa = PBXResourcesBuildPhase;
			buildActionMask = 2147483647;
			files = (
				92DCE9BF1E37CEA400E0DE1C /* Tarmac.dat in Resources */,
				928C34361EAF69EB00BC07DE /* Vuforia.dat in Resources */,
				9275279C1FC2CE5200CE7DCE /* Background.fragsh in Resources */,
				9275279D1FC2CE5200CE7DCE /* Background.vertsh in Resources */,
				9247FF1D2060FA7800F25884 /* readme.txt in Resources */,
				92AA11131D27A5EB00E56CBE /* LaunchScreen.storyboard in Resources */,
				9247FF1E2060FA7800F25884 /* readme.txt in Resources */,
				928C34321EAF69EB00BC07DE /* reticle@2x.png in Resources */,
				92AA11101D27A5EB00E56CBE /* Assets.xcassets in Resources */,
				92DCE9BD1E37CEA400E0DE1C /* StonesAndChips.dat in Resources */,
				92AA11851D27B96300E56CBE /* Localizable.strings in Resources */,
				928C34331EAF69EB00BC07DE /* reticle@3x.png in Resources */,
				928C34381EAF69EB00BC07DE /* vumark_texture.png in Resources */,
				92DCE9C01E37CEA400E0DE1C /* Tarmac.xml in Resources */,
				928C34351EAF69EB00BC07DE /* VM_about.html in Resources */,
				928C34371EAF69EB00BC07DE /* Vuforia.xml in Resources */,
				928C34301EAF69EB00BC07DE /* card_info.png in Resources */,
				92DCE9BE1E37CEA400E0DE1C /* StonesAndChips.xml in Resources */,
				92DCE9BB1E37CEA400E0DE1C /* IT.png in Resources */,
				928C34311EAF69EB00BC07DE /* reticle.png in Resources */,
				92AA110E1D27A5EB00E56CBE /* Main.storyboard in Resources */,
				928C34341EAF69EB00BC07DE /* VM.png in Resources */,
				92DCE9BC1E37CEA400E0DE1C /* IT_about.html in Resources */,
				9247FF1C2060FA7800F25884 /* license_3rdpartynotice.txt in Resources */,
			);
			runOnlyForDeploymentPostprocessing = 0;
		};
/* End PBXResourcesBuildPhase section */

/* Begin PBXSourcesBuildPhase section */
		92AA11011D27A5EB00E56CBE /* Sources */ = {
			isa = PBXSourcesBuildPhase;
			buildActionMask = 2147483647;
			files = (
				927B76EA1D2806EF00C4F5CC /* VuforiaEAGLView.mm in Sources */,
				927B76FD1D2816DB00C4F5CC /* VuforiaShaderUtils.m in Sources */,
				92AA110B1D27A5EB00E56CBE /* ViewController.swift in Sources */,
				92AA11091D27A5EB00E56CBE /* AppDelegate.swift in Sources */,
				927B76EB1D2806EF00C4F5CC /* VuforiaManager.mm in Sources */,
				927B76EC1D2806EF00C4F5CC /* VuforiaObjects.mm in Sources */,
			);
			runOnlyForDeploymentPostprocessing = 0;
		};
/* End PBXSourcesBuildPhase section */

/* Begin PBXVariantGroup section */
		92AA110C1D27A5EB00E56CBE /* Main.storyboard */ = {
			isa = PBXVariantGroup;
			children = (
				92AA110D1D27A5EB00E56CBE /* Base */,
			);
			name = Main.storyboard;
			sourceTree = "<group>";
		};
		92AA11111D27A5EB00E56CBE /* LaunchScreen.storyboard */ = {
			isa = PBXVariantGroup;
			children = (
				92AA11121D27A5EB00E56CBE /* Base */,
			);
			name = LaunchScreen.storyboard;
			sourceTree = "<group>";
		};
/* End PBXVariantGroup section */

/* Begin XCBuildConfiguration section */
		92AA11151D27A5EB00E56CBE /* Debug */ = {
			isa = XCBuildConfiguration;
			buildSettings = {
				ALWAYS_SEARCH_USER_PATHS = NO;
				CLANG_ANALYZER_NONNULL = YES;
				CLANG_CXX_LANGUAGE_STANDARD = "gnu++0x";
				CLANG_CXX_LIBRARY = "libc++";
				CLANG_ENABLE_MODULES = YES;
				CLANG_ENABLE_OBJC_ARC = YES;
				CLANG_WARN_BOOL_CONVERSION = YES;
				CLANG_WARN_CONSTANT_CONVERSION = YES;
				CLANG_WARN_DIRECT_OBJC_ISA_USAGE = YES_ERROR;
				CLANG_WARN_EMPTY_BODY = YES;
				CLANG_WARN_ENUM_CONVERSION = YES;
				CLANG_WARN_INFINITE_RECURSION = YES;
				CLANG_WARN_INT_CONVERSION = YES;
				CLANG_WARN_OBJC_ROOT_CLASS = YES_ERROR;
				CLANG_WARN_SUSPICIOUS_MOVE = YES;
				CLANG_WARN_UNREACHABLE_CODE = YES;
				CLANG_WARN__DUPLICATE_METHOD_MATCH = YES;
				"CODE_SIGN_IDENTITY[sdk=iphoneos*]" = "iPhone Developer";
				COPY_PHASE_STRIP = NO;
				DEBUG_INFORMATION_FORMAT = dwarf;
				ENABLE_BITCODE = NO;
				ENABLE_STRICT_OBJC_MSGSEND = YES;
				ENABLE_TESTABILITY = YES;
				GCC_C_LANGUAGE_STANDARD = gnu99;
				GCC_DYNAMIC_NO_PIC = NO;
				GCC_NO_COMMON_BLOCKS = YES;
				GCC_OPTIMIZATION_LEVEL = 0;
				GCC_PREPROCESSOR_DEFINITIONS = (
					"DEBUG=1",
					"$(inherited)",
				);
				GCC_WARN_64_TO_32_BIT_CONVERSION = YES;
				GCC_WARN_ABOUT_RETURN_TYPE = YES_ERROR;
				GCC_WARN_UNDECLARED_SELECTOR = YES;
				GCC_WARN_UNINITIALIZED_AUTOS = YES_AGGRESSIVE;
				GCC_WARN_UNUSED_FUNCTION = YES;
				GCC_WARN_UNUSED_VARIABLE = YES;
				IPHONEOS_DEPLOYMENT_TARGET = 9.3;
				MTL_ENABLE_DEBUG_INFO = YES;
				ONLY_ACTIVE_ARCH = YES;
				SDKROOT = iphoneos;
				SWIFT_OPTIMIZATION_LEVEL = "-Onone";
			};
			name = Debug;
		};
		92AA11161D27A5EB00E56CBE /* Release */ = {
			isa = XCBuildConfiguration;
			buildSettings = {
				ALWAYS_SEARCH_USER_PATHS = NO;
				CLANG_ANALYZER_NONNULL = YES;
				CLANG_CXX_LANGUAGE_STANDARD = "gnu++0x";
				CLANG_CXX_LIBRARY = "libc++";
				CLANG_ENABLE_MODULES = YES;
				CLANG_ENABLE_OBJC_ARC = YES;
				CLANG_WARN_BOOL_CONVERSION = YES;
				CLANG_WARN_CONSTANT_CONVERSION = YES;
				CLANG_WARN_DIRECT_OBJC_ISA_USAGE = YES_ERROR;
				CLANG_WARN_EMPTY_BODY = YES;
				CLANG_WARN_ENUM_CONVERSION = YES;
				CLANG_WARN_INFINITE_RECURSION = YES;
				CLANG_WARN_INT_CONVERSION = YES;
				CLANG_WARN_OBJC_ROOT_CLASS = YES_ERROR;
				CLANG_WARN_SUSPICIOUS_MOVE = YES;
				CLANG_WARN_UNREACHABLE_CODE = YES;
				CLANG_WARN__DUPLICATE_METHOD_MATCH = YES;
				"CODE_SIGN_IDENTITY[sdk=iphoneos*]" = "iPhone Developer";
				COPY_PHASE_STRIP = NO;
				DEBUG_INFORMATION_FORMAT = "dwarf-with-dsym";
				ENABLE_BITCODE = NO;
				ENABLE_NS_ASSERTIONS = NO;
				ENABLE_STRICT_OBJC_MSGSEND = YES;
				GCC_C_LANGUAGE_STANDARD = gnu99;
				GCC_NO_COMMON_BLOCKS = YES;
				GCC_WARN_64_TO_32_BIT_CONVERSION = YES;
				GCC_WARN_ABOUT_RETURN_TYPE = YES_ERROR;
				GCC_WARN_UNDECLARED_SELECTOR = YES;
				GCC_WARN_UNINITIALIZED_AUTOS = YES_AGGRESSIVE;
				GCC_WARN_UNUSED_FUNCTION = YES;
				GCC_WARN_UNUSED_VARIABLE = YES;
				IPHONEOS_DEPLOYMENT_TARGET = 9.3;
				MTL_ENABLE_DEBUG_INFO = NO;
				SDKROOT = iphoneos;
				SWIFT_OPTIMIZATION_LEVEL = "-Owholemodule";
				VALIDATE_PRODUCT = YES;
			};
			name = Release;
		};
		92AA11181D27A5EB00E56CBE /* Debug */ = {
			isa = XCBuildConfiguration;
			buildSettings = {
				ASSETCATALOG_COMPILER_APPICON_NAME = AppIcon;
				CLANG_ENABLE_MODULES = YES;
				"CODE_SIGN_IDENTITY[sdk=iphoneos*]" = "iPhone Developer";
				DEVELOPMENT_TEAM = 7A4SW8L4U6;
				ENABLE_BITCODE = NO;
				HEADER_SEARCH_PATHS = "\"$(SRCROOT)/VuforiaSampleSwift/vuforia-sdk-ios-7-0-50/build/include\"";
				INFOPLIST_FILE = VuforiaSampleSwift/Info.plist;
				LD_RUNPATH_SEARCH_PATHS = "$(inherited) @executable_path/Frameworks";
				LIBRARY_SEARCH_PATHS = (
					"$(inherited)",
					"$(PROJECT_DIR)/VuforiaSampleSwift/vuforia-sdk-ios-7-0-50/build/lib/arm",
				);
				PRODUCT_BUNDLE_IDENTIFIER = "com.sputnik-apps.VuforiaSampleSwift";
				PRODUCT_NAME = VuforiaSampleSwift;
				SWIFT_OBJC_BRIDGING_HEADER = "VuforiaSampleSwift/VuforiaSampleSwift-Bridging-Header.h";
				SWIFT_OPTIMIZATION_LEVEL = "-Onone";
				SWIFT_VERSION = 3.0;
				USER_HEADER_SEARCH_PATHS = "";
			};
			name = Debug;
		};
		92AA11191D27A5EB00E56CBE /* Release */ = {
			isa = XCBuildConfiguration;
			buildSettings = {
				ASSETCATALOG_COMPILER_APPICON_NAME = AppIcon;
				CLANG_ENABLE_MODULES = YES;
				"CODE_SIGN_IDENTITY[sdk=iphoneos*]" = "iPhone Developer";
				DEVELOPMENT_TEAM = 7A4SW8L4U6;
				ENABLE_BITCODE = NO;
				HEADER_SEARCH_PATHS = "\"$(SRCROOT)/VuforiaSampleSwift/vuforia-sdk-ios-7-0-50/build/include\"";
				INFOPLIST_FILE = VuforiaSampleSwift/Info.plist;
				LD_RUNPATH_SEARCH_PATHS = "$(inherited) @executable_path/Frameworks";
				LIBRARY_SEARCH_PATHS = (
					"$(inherited)",
					"$(PROJECT_DIR)/VuforiaSampleSwift/vuforia-sdk-ios-7-0-50/build/lib/arm",
				);
				PRODUCT_BUNDLE_IDENTIFIER = "com.sputnik-apps.VuforiaSampleSwift";
				PRODUCT_NAME = VuforiaSampleSwift;
				SWIFT_OBJC_BRIDGING_HEADER = "VuforiaSampleSwift/VuforiaSampleSwift-Bridging-Header.h";
				SWIFT_VERSION = 3.0;
				USER_HEADER_SEARCH_PATHS = "";
			};
			name = Release;
		};
/* End XCBuildConfiguration section */

/* Begin XCConfigurationList section */
		92AA11001D27A5EB00E56CBE /* Build configuration list for PBXProject "VuforiaSampleSwift" */ = {
			isa = XCConfigurationList;
			buildConfigurations = (
				92AA11151D27A5EB00E56CBE /* Debug */,
				92AA11161D27A5EB00E56CBE /* Release */,
			);
			defaultConfigurationIsVisible = 0;
			defaultConfigurationName = Release;
		};
		92AA11171D27A5EB00E56CBE /* Build configuration list for PBXNativeTarget "VuforiaSampleSwift" */ = {
			isa = XCConfigurationList;
			buildConfigurations = (
				92AA11181D27A5EB00E56CBE /* Debug */,
				92AA11191D27A5EB00E56CBE /* Release */,
			);
			defaultConfigurationIsVisible = 0;
			defaultConfigurationName = Release;
		};
/* End XCConfigurationList section */
	};
	rootObject = 92AA10FD1D27A5EB00E56CBE /* Project object */;
}
